
Microsoft Visual Studio Solution File, Format Version 12.00
# Visual Studio Version 16
VisualStudioVersion = 16.0.30503.244
MinimumVisualStudioVersion = 10.0.40219.1
Project("{FAE04EC0-301F-11D3-BF4B-00C04F79EFBC}") = "HW 6", "HW 6\HW 6.csproj", "{FAAED703-90C7-4650-BD0A-70FE104A2421}"
EndProject
Global
	GlobalSection(SolutionConfigurationPlatforms) = preSolution
		Debug|Any CPU = Debug|Any CPU
		Release|Any CPU = Release|Any CPU
	EndGlobalSection
	GlobalSection(ProjectConfigurationPlatforms) = postSolution
		{FAAED703-90C7-4650-BD0A-70FE104A2421}.Debug|Any CPU.ActiveCfg = Debug|Any CPU
		{FAAED703-90C7-4650-BD0A-70FE104A2421}.Debug|Any CPU.Build.0 = Debug|Any CPU
		{FAAED703-90C7-4650-BD0A-70FE104A2421}.Release|Any CPU.ActiveCfg = Release|Any CPU
		{FAAED703-90C7-4650-BD0A-70FE104A2421}.Release|Any CPU.Build.0 = Release|Any CPU
	EndGlobalSection
	GlobalSection(SolutionProperties) = preSolution
		HideSolutionNode = FALSE
	EndGlobalSection
	GlobalSection(ExtensibilityGlobals) = postSolution
		SolutionGuid = {00E7CFE0-A1D8-4009-A620-3EDD3160F4DF}
	EndGlobalSection
EndGlobal
